
Microsoft Visual Studio Solution File, Format Version 12.00
# Visual Studio Version 16
VisualStudioVersion = 16.0.30128.74
MinimumVisualStudioVersion = 10.0.40219.1
Project("{FAE04EC0-301F-11D3-BF4B-00C04F79EFBC}") = "sahibinden", "sahibinden\sahibinden.csproj", "{D847C67C-9562-4FF7-978E-177DC788311C}"
EndProject
Global
	GlobalSection(SolutionConfigurationPlatforms) = preSolution
		Debug|Any CPU = Debug|Any CPU
		Release|Any CPU = Release|Any CPU
	EndGlobalSection
	GlobalSection(ProjectConfigurationPlatforms) = postSolution
		{D847C67C-9562-4FF7-978E-177DC788311C}.Debug|Any CPU.ActiveCfg = Debug|Any CPU
		{D847C67C-9562-4FF7-978E-177DC788311C}.Debug|Any CPU.Build.0 = Debug|Any CPU
		{D847C67C-9562-4FF7-978E-177DC788311C}.Release|Any CPU.ActiveCfg = Release|Any CPU
		{D847C67C-9562-4FF7-978E-177DC788311C}.Release|Any CPU.Build.0 = Release|Any CPU
	EndGlobalSection
	GlobalSection(SolutionProperties) = preSolution
		HideSolutionNode = FALSE
	EndGlobalSection
	GlobalSection(ExtensibilityGlobals) = postSolution
		SolutionGuid = {57C67ED9-D48B-411C-B6F6-E77D2F2035FF}
	EndGlobalSection
EndGlobal
